
Microsoft Visual Studio Solution File, Format Version 12.00
# Visual Studio 14
VisualStudioVersion = 14.0.23107.0
MinimumVisualStudioVersion = 10.0.40219.1
Project("{FAE04EC0-301F-11D3-BF4B-00C04F79EFBC}") = "News.Repository", "News.Repository\News.Repository.csproj", "{8425DDB9-2626-4FDE-B03D-E72C3FEFFD9F}"
EndProject
Project("{FAE04EC0-301F-11D3-BF4B-00C04F79EFBC}") = "News.Entity", "News.Entity\News.Entity.csproj", "{6B17A5CA-4D20-4F13-890A-1541ED87DC4B}"
EndProject
Project("{FAE04EC0-301F-11D3-BF4B-00C04F79EFBC}") = "News.WebUI", "News.WebUI\News.WebUI.csproj", "{A9F944FD-785F-40A2-B19E-F69E423C0718}"
EndProject
Global
	GlobalSection(SolutionConfigurationPlatforms) = preSolution
		Debug|Any CPU = Debug|Any CPU
		Release|Any CPU = Release|Any CPU
	EndGlobalSection
	GlobalSection(ProjectConfigurationPlatforms) = postSolution
		{8425DDB9-2626-4FDE-B03D-E72C3FEFFD9F}.Debug|Any CPU.ActiveCfg = Debug|Any CPU
		{8425DDB9-2626-4FDE-B03D-E72C3FEFFD9F}.Debug|Any CPU.Build.0 = Debug|Any CPU
		{8425DDB9-2626-4FDE-B03D-E72C3FEFFD9F}.Release|Any CPU.ActiveCfg = Release|Any CPU
		{8425DDB9-2626-4FDE-B03D-E72C3FEFFD9F}.Release|Any CPU.Build.0 = Release|Any CPU
		{6B17A5CA-4D20-4F13-890A-1541ED87DC4B}.Debug|Any CPU.ActiveCfg = Debug|Any CPU
		{6B17A5CA-4D20-4F13-890A-1541ED87DC4B}.Debug|Any CPU.Build.0 = Debug|Any CPU
		{6B17A5CA-4D20-4F13-890A-1541ED87DC4B}.Release|Any CPU.ActiveCfg = Release|Any CPU
		{6B17A5CA-4D20-4F13-890A-1541ED87DC4B}.Release|Any CPU.Build.0 = Release|Any CPU
		{A9F944FD-785F-40A2-B19E-F69E423C0718}.Debug|Any CPU.ActiveCfg = Debug|Any CPU
		{A9F944FD-785F-40A2-B19E-F69E423C0718}.Debug|Any CPU.Build.0 = Debug|Any CPU
		{A9F944FD-785F-40A2-B19E-F69E423C0718}.Release|Any CPU.ActiveCfg = Release|Any CPU
		{A9F944FD-785F-40A2-B19E-F69E423C0718}.Release|Any CPU.Build.0 = Release|Any CPU
	EndGlobalSection
	GlobalSection(SolutionProperties) = preSolution
		HideSolutionNode = FALSE
	EndGlobalSection
EndGlobal
